// !$*UTF8*$!
{
	archiveVersion = 1;
	classes = {
	};
	objectVersion = 46;
	objects = {

/* Begin PBXBuildFile section */
		C4B4978C1C2732F90048103F /* AppDelegate.swift in Sources */ = {isa = PBXBuildFile; fileRef = C4B4978B1C2732F90048103F /* AppDelegate.swift */; };
		C4B4978E1C2732F90048103F /* ViewController.swift in Sources */ = {isa = PBXBuildFile; fileRef = C4B4978D1C2732F90048103F /* ViewController.swift */; };
		C4B497911C2732F90048103F /* Main.storyboard in Resources */ = {isa = PBXBuildFile; fileRef = C4B4978F1C2732F90048103F /* Main.storyboard */; };
		C4B497931C2732F90048103F /* Assets.xcassets in Resources */ = {isa = PBXBuildFile; fileRef = C4B497921C2732F90048103F /* Assets.xcassets */; };
		C4B497961C2732F90048103F /* LaunchScreen.storyboard in Resources */ = {isa = PBXBuildFile; fileRef = C4B497941C2732F90048103F /* LaunchScreen.storyboard */; };
		C4B497A11C2732F90048103F /* TipperTests.swift in Sources */ = {isa = PBXBuildFile; fileRef = C4B497A01C2732F90048103F /* TipperTests.swift */; };
		C4B497AC1C2732F90048103F /* TipperUITests.swift in Sources */ = {isa = PBXBuildFile; fileRef = C4B497AB1C2732F90048103F /* TipperUITests.swift */; };
/* End PBXBuildFile section */

/* Begin PBXContainerItemProxy section */
		C4B4979D1C2732F90048103F /* PBXContainerItemProxy */ = {
			isa = PBXContainerItemProxy;
			containerPortal = C4B497801C2732F90048103F /* Project object */;
			proxyType = 1;
			remoteGlobalIDString = C4B497871C2732F90048103F;
			remoteInfo = Tipper;
		};
		C4B497A81C2732F90048103F /* PBXContainerItemProxy */ = {
			isa = PBXContainerItemProxy;
			containerPortal = C4B497801C2732F90048103F /* Project object */;
			proxyType = 1;
			remoteGlobalIDString = C4B497871C2732F90048103F;
			remoteInfo = Tipper;
		};
/* End PBXContainerItemProxy section */

/* Begin PBXFileReference section */
		C4B497881C2732F90048103F /* Tipper.app */ = {isa = PBXFileReference; explicitFileType = wrapper.application; includeInIndex = 0; path = Tipper.app; sourceTree = BUILT_PRODUCTS_DIR; };
		C4B4978B1C2732F90048103F /* AppDelegate.swift */ = {isa = PBXFileReference; lastKnownFileType = sourcecode.swift; path = AppDelegate.swift; sourceTree = "<group>"; };
		C4B4978D1C2732F90048103F /* ViewController.swift */ = {isa = PBXFileReference; lastKnownFileType = sourcecode.swift; path = ViewController.swift; sourceTree = "<group>"; };
		C4B497901C2732F90048103F /* Base */ = {isa = PBXFileReference; lastKnownFileType = file.storyboard; name = Base; path = Base.lproj/Main.storyboard; sourceTree = "<group>"; };
		C4B497921C2732F90048103F /* Assets.xcassets */ = {isa = PBXFileReference; lastKnownFileType = folder.assetcatalog; path = Assets.xcassets; sourceTree = "<group>"; };
		C4B497951C2732F90048103F /* Base */ = {isa = PBXFileReference; lastKnownFileType = file.storyboard; name = Base; path = Base.lproj/LaunchScreen.storyboard; sourceTree = "<group>"; };
		C4B497971C2732F90048103F /* Info.plist */ = {isa = PBXFileReference; lastKnownFileType = text.plist.xml; path = Info.plist; sourceTree = "<group>"; };
		C4B4979C1C2732F90048103F /* TipperTests.xctest */ = {isa = PBXFileReference; explicitFileType = wrapper.cfbundle; includeInIndex = 0; path = TipperTests.xctest; sourceTree = BUILT_PRODUCTS_DIR; };
		C4B497A01C2732F90048103F /* TipperTests.swift */ = {isa = PBXFileReference; lastKnownFileType = sourcecode.swift; path = TipperTests.swift; sourceTree = "<group>"; };
		C4B497A21C2732F90048103F /* Info.plist */ = {isa = PBXFileReference; lastKnownFileType = text.plist.xml; path = Info.plist; sourceTree = "<group>"; };
		C4B497A71C2732F90048103F /* TipperUITests.xctest */ = {isa = PBXFileReference; explicitFileType = wrapper.cfbundle; includeInIndex = 0; path = TipperUITests.xctest; sourceTree = BUILT_PRODUCTS_DIR; };
		C4B497AB1C2732F90048103F /* TipperUITests.swift */ = {isa = PBXFileReference; lastKnownFileType = sourcecode.swift; path = TipperUITests.swift; sourceTree = "<group>"; };
		C4B497AD1C2732F90048103F /* Info.plist */ = {isa = PBXFileReference; lastKnownFileType = text.plist.xml; path = Info.plist; sourceTree = "<group>"; };
/* End PBXFileReference section */

/* Begin PBXFrameworksBuildPhase section */
		C4B497851C2732F90048103F /* Frameworks */ = {
			isa = PBXFrameworksBuildPhase;
			buildActionMask = 2147483647;
			files = (
			);
			runOnlyForDeploymentPostprocessing = 0;
		};
		C4B497991C2732F90048103F /* Frameworks */ = {
			isa = PBXFrameworksBuildPhase;
			buildActionMask = 2147483647;
			files = (
			);
			runOnlyForDeploymentPostprocessing = 0;
		};
		C4B497A41C2732F90048103F /* Frameworks */ = {
			isa = PBXFrameworksBuildPhase;
			buildActionMask = 2147483647;
			files = (
			);
			runOnlyForDeploymentPostprocessing = 0;
		};
/* End PBXFrameworksBuildPhase section */

/* Begin PBXGroup section */
		C4B4977F1C2732F90048103F = {
			isa = PBXGroup;
			children = (
				C4B4978A1C2732F90048103F /* Tipper */,
				C4B4979F1C2732F90048103F /* TipperTests */,
				C4B497AA1C2732F90048103F /* TipperUITests */,
				C4B497891C2732F90048103F /* Products */,
			);
			sourceTree = "<group>";
		};
		C4B497891C2732F90048103F /* Products */ = {
			isa = PBXGroup;
			children = (
				C4B497881C2732F90048103F /* Tipper.app */,
				C4B4979C1C2732F90048103F /* TipperTests.xctest */,
				C4B497A71C2732F90048103F /* TipperUITests.xctest */,
			);
			name = Products;
			sourceTree = "<group>";
		};
		C4B4978A1C2732F90048103F /* Tipper */ = {
			isa = PBXGroup;
			children = (
				C4B4978B1C2732F90048103F /* AppDelegate.swift */,
				C4B4978D1C2732F90048103F /* ViewController.swift */,
				C4B4978F1C2732F90048103F /* Main.storyboard */,
				C4B497921C2732F90048103F /* Assets.xcassets */,
				C4B497941C2732F90048103F /* LaunchScreen.storyboard */,
				C4B497971C2732F90048103F /* Info.plist */,
			);
			path = Tipper;
			sourceTree = "<group>";
		};
		C4B4979F1C2732F90048103F /* TipperTests */ = {
			isa = PBXGroup;
			children = (
				C4B497A01C2732F90048103F /* TipperTests.swift */,
				C4B497A21C2732F90048103F /* Info.plist */,
			);
			path = TipperTests;
			sourceTree = "<group>";
		};
		C4B497AA1C2732F90048103F /* TipperUITests */ = {
			isa = PBXGroup;
			children = (
				C4B497AB1C2732F90048103F /* TipperUITests.swift */,
				C4B497AD1C2732F90048103F /* Info.plist */,
			);
			path = TipperUITests;
			sourceTree = "<group>";
		};
/* End PBXGroup section */

/* Begin PBXNativeTarget section */
		C4B497871C2732F90048103F /* Tipper */ = {
			isa = PBXNativeTarget;
			buildConfigurationList = C4B497B01C2732F90048103F /* Build configuration list for PBXNativeTarget "Tipper" */;
			buildPhases = (
				C4B497841C2732F90048103F /* Sources */,
				C4B497851C2732F90048103F /* Frameworks */,
				C4B497861C2732F90048103F /* Resources */,
			);
			buildRules = (
			);
			dependencies = (
			);
			name = Tipper;
			productName = Tipper;
			productReference = C4B497881C2732F90048103F /* Tipper.app */;
			productType = "com.apple.product-type.application";
		};
		C4B4979B1C2732F90048103F /* TipperTests */ = {
			isa = PBXNativeTarget;
			buildConfigurationList = C4B497B31C2732F90048103F /* Build configuration list for PBXNativeTarget "TipperTests" */;
			buildPhases = (
				C4B497981C2732F90048103F /* Sources */,
				C4B497991C2732F90048103F /* Frameworks */,
				C4B4979A1C2732F90048103F /* Resources */,
			);
			buildRules = (
			);
			dependencies = (
				C4B4979E1C2732F90048103F /* PBXTargetDependency */,
			);
			name = TipperTests;
			productName = TipperTests;
			productReference = C4B4979C1C2732F90048103F /* TipperTests.xctest */;
			productType = "com.apple.product-type.bundle.unit-test";
		};
		C4B497A61C2732F90048103F /* TipperUITests */ = {
			isa = PBXNativeTarget;
			buildConfigurationList = C4B497B61C2732F90048103F /* Build configuration list for PBXNativeTarget "TipperUITests" */;
			buildPhases = (
				C4B497A31C2732F90048103F /* Sources */,
				C4B497A41C2732F90048103F /* Frameworks */,
				C4B497A51C2732F90048103F /* Resources */,
			);
			buildRules = (
			);
			dependencies = (
				C4B497A91C2732F90048103F /* PBXTargetDependency */,
			);
			name = TipperUITests;
			productName = TipperUITests;
			productReference = C4B497A71C2732F90048103F /* TipperUITests.xctest */;
			productType = "com.apple.product-type.bundle.ui-testing";
		};
/* End PBXNativeTarget section */

/* Begin PBXProject section */
		C4B497801C2732F90048103F /* Project object */ = {
			isa = PBXProject;
			attributes = {
				LastSwiftUpdateCheck = 0720;
				LastUpgradeCheck = 0720;
				ORGANIZATIONNAME = "Artur Chojecki";
				TargetAttributes = {
					C4B497871C2732F90048103F = {
						CreatedOnToolsVersion = 7.2;
						DevelopmentTeam = BH658FR7ZG;
					};
					C4B4979B1C2732F90048103F = {
						CreatedOnToolsVersion = 7.2;
						DevelopmentTeam = BH658FR7ZG;
						TestTargetID = C4B497871C2732F90048103F;
					};
					C4B497A61C2732F90048103F = {
						CreatedOnToolsVersion = 7.2;
						DevelopmentTeam = BH658FR7ZG;
						TestTargetID = C4B497871C2732F90048103F;
					};
				};
			};
			buildConfigurationList = C4B497831C2732F90048103F /* Build configuration list for PBXProject "Tipper" */;
			compatibilityVersion = "Xcode 3.2";
			developmentRegion = English;
			hasScannedForEncodings = 0;
			knownRegions = (
				en,
				Base,
			);
			mainGroup = C4B4977F1C2732F90048103F;
			productRefGroup = C4B497891C2732F90048103F /* Products */;
			projectDirPath = "";
			projectRoot = "";
			targets = (
				C4B497871C2732F90048103F /* Tipper */,
				C4B4979B1C2732F90048103F /* TipperTests */,
				C4B497A61C2732F90048103F /* TipperUITests */,
			);
		};
/* End PBXProject section */

/* Begin PBXResourcesBuildPhase section */
		C4B497861C2732F90048103F /* Resources */ = {
			isa = PBXResourcesBuildPhase;
			buildActionMask = 2147483647;
			files = (
				C4B497961C2732F90048103F /* LaunchScreen.storyboard in Resources */,
				C4B497931C2732F90048103F /* Assets.xcassets in Resources */,
				C4B497911C2732F90048103F /* Main.storyboard in Resources */,
			);
			runOnlyForDeploymentPostprocessing = 0;
		};
		C4B4979A1C2732F90048103F /* Resources */ = {
			isa = PBXResourcesBuildPhase;
			buildActionMask = 2147483647;
			files = (
			);
			runOnlyForDeploymentPostprocessing = 0;
		};
		C4B497A51C2732F90048103F /* Resources */ = {
			isa = PBXResourcesBuildPhase;
			buildActionMask = 2147483647;
			files = (
			);
			runOnlyForDeploymentPostprocessing = 0;
		};
/* End PBXResourcesBuildPhase section */

/* Begin PBXSourcesBuildPhase section */
		C4B497841C2732F90048103F /* Sources */ = {
			isa = PBXSourcesBuildPhase;
			buildActionMask = 2147483647;
			files = (
				C4B4978E1C2732F90048103F /* ViewController.swift in Sources */,
				C4B4978C1C2732F90048103F /* AppDelegate.swift in Sources */,
			);
			runOnlyForDeploymentPostprocessing = 0;
		};
		C4B497981C2732F90048103F /* Sources */ = {
			isa = PBXSourcesBuildPhase;
			buildActionMask = 2147483647;
			files = (
				C4B497A11C2732F90048103F /* TipperTests.swift in Sources */,
			);
			runOnlyForDeploymentPostprocessing = 0;
		};
		C4B497A31C2732F90048103F /* Sources */ = {
			isa = PBXSourcesBuildPhase;
			buildActionMask = 2147483647;
			files = (
				C4B497AC1C2732F90048103F /* TipperUITests.swift in Sources */,
			);
			runOnlyForDeploymentPostprocessing = 0;
		};
/* End PBXSourcesBuildPhase section */

/* Begin PBXTargetDependency section */
		C4B4979E1C2732F90048103F /* PBXTargetDependency */ = {
			isa = PBXTargetDependency;
			target = C4B497871C2732F90048103F /* Tipper */;
			targetProxy = C4B4979D1C2732F90048103F /* PBXContainerItemProxy */;
		};
		C4B497A91C2732F90048103F /* PBXTargetDependency */ = {
			isa = PBXTargetDependency;
			target = C4B497871C2732F90048103F /* Tipper */;
			targetProxy = C4B497A81C2732F90048103F /* PBXContainerItemProxy */;
		};
/* End PBXTargetDependency section */

/* Begin PBXVariantGroup section */
		C4B4978F1C2732F90048103F /* Main.storyboard */ = {
			isa = PBXVariantGroup;
			children = (
				C4B497901C2732F90048103F /* Base */,
			);
			name = Main.storyboard;
			sourceTree = "<group>";
		};
		C4B497941C2732F90048103F /* LaunchScreen.storyboard */ = {
			isa = PBXVariantGroup;
			children = (
				C4B497951C2732F90048103F /* Base */,
			);
			name = LaunchScreen.storyboard;
			sourceTree = "<group>";
		};
/* End PBXVariantGroup section */

/* Begin XCBuildConfiguration section */
		C4B497AE1C2732F90048103F /* Debug */ = {
			isa = XCBuildConfiguration;
			buildSettings = {
				ALWAYS_SEARCH_USER_PATHS = NO;
				CLANG_CXX_LANGUAGE_STANDARD = "gnu++0x";
				CLANG_CXX_LIBRARY = "libc++";
				CLANG_ENABLE_MODULES = YES;
				CLANG_ENABLE_OBJC_ARC = YES;
				CLANG_WARN_BOOL_CONVERSION = YES;
				CLANG_WARN_CONSTANT_CONVERSION = YES;
				CLANG_WARN_DIRECT_OBJC_ISA_USAGE = YES_ERROR;
				CLANG_WARN_EMPTY_BODY = YES;
				CLANG_WARN_ENUM_CONVERSION = YES;
				CLANG_WARN_INT_CONVERSION = YES;
				CLANG_WARN_OBJC_ROOT_CLASS = YES_ERROR;
				CLANG_WARN_UNREACHABLE_CODE = YES;
				CLANG_WARN__DUPLICATE_METHOD_MATCH = YES;
				"CODE_SIGN_IDENTITY[sdk=iphoneos*]" = "iPhone Developer";
				COPY_PHASE_STRIP = NO;
				DEBUG_INFORMATION_FORMAT = dwarf;
				ENABLE_STRICT_OBJC_MSGSEND = YES;
				ENABLE_TESTABILITY = YES;
				GCC_C_LANGUAGE_STANDARD = gnu99;
				GCC_DYNAMIC_NO_PIC = NO;
				GCC_NO_COMMON_BLOCKS = YES;
				GCC_OPTIMIZATION_LEVEL = 0;
				GCC_PREPROCESSOR_DEFINITIONS = (
					"DEBUG=1",
					"$(inherited)",
				);
				GCC_WARN_64_TO_32_BIT_CONVERSION = YES;
				GCC_WARN_ABOUT_RETURN_TYPE = YES_ERROR;
				GCC_WARN_UNDECLARED_SELECTOR = YES;
				GCC_WARN_UNINITIALIZED_AUTOS = YES_AGGRESSIVE;
				GCC_WARN_UNUSED_FUNCTION = YES;
				GCC_WARN_UNUSED_VARIABLE = YES;
				IPHONEOS_DEPLOYMENT_TARGET = 9.2;
				MTL_ENABLE_DEBUG_INFO = YES;
				ONLY_ACTIVE_ARCH = YES;
				SDKROOT = iphoneos;
				SWIFT_OPTIMIZATION_LEVEL = "-Onone";
			};
			name = Debug;
		};
		C4B497AF1C2732F90048103F /* Release */ = {
			isa = XCBuildConfiguration;
			buildSettings = {
				ALWAYS_SEARCH_USER_PATHS = NO;
				CLANG_CXX_LANGUAGE_STANDARD = "gnu++0x";
				CLANG_CXX_LIBRARY = "libc++";
				CLANG_ENABLE_MODULES = YES;
				CLANG_ENABLE_OBJC_ARC = YES;
				CLANG_WARN_BOOL_CONVERSION = YES;
				CLANG_WARN_CONSTANT_CONVERSION = YES;
				CLANG_WARN_DIRECT_OBJC_ISA_USAGE = YES_ERROR;
				CLANG_WARN_EMPTY_BODY = YES;
				CLANG_WARN_ENUM_CONVERSION = YES;
				CLANG_WARN_INT_CONVERSION = YES;
				CLANG_WARN_OBJC_ROOT_CLASS = YES_ERROR;
				CLANG_WARN_UNREACHABLE_CODE = YES;
				CLANG_WARN__DUPLICATE_METHOD_MATCH = YES;
				"CODE_SIGN_IDENTITY[sdk=iphoneos*]" = "iPhone Developer";
				COPY_PHASE_STRIP = NO;
				DEBUG_INFORMATION_FORMAT = "dwarf-with-dsym";
				ENABLE_NS_ASSERTIONS = NO;
				ENABLE_STRICT_OBJC_MSGSEND = YES;
				GCC_C_LANGUAGE_STANDARD = gnu99;
				GCC_NO_COMMON_BLOCKS = YES;
				GCC_WARN_64_TO_32_BIT_CONVERSION = YES;
				GCC_WARN_ABOUT_RETURN_TYPE = YES_ERROR;
				GCC_WARN_UNDECLARED_SELECTOR = YES;
				GCC_WARN_UNINITIALIZED_AUTOS = YES_AGGRESSIVE;
				GCC_WARN_UNUSED_FUNCTION = YES;
				GCC_WARN_UNUSED_VARIABLE = YES;
				IPHONEOS_DEPLOYMENT_TARGET = 9.2;
				MTL_ENABLE_DEBUG_INFO = NO;
				SDKROOT = iphoneos;
				VALIDATE_PRODUCT = YES;
			};
			name = Release;
		};
		C4B497B11C2732F90048103F /* Debug */ = {
			isa = XCBuildConfiguration;
			buildSettings = {
				ASSETCATALOG_COMPILER_APPICON_NAME = AppIcon;
				INFOPLIST_FILE = Tipper/Info.plist;
				LD_RUNPATH_SEARCH_PATHS = "$(inherited) @executable_path/Frameworks";
				PRODUCT_BUNDLE_IDENTIFIER = "com.Artur-Chojecki.Tipper";
				PRODUCT_NAME = "$(TARGET_NAME)";
			};
			name = Debug;
		};
		C4B497B21C2732F90048103F /* Release */ = {
			isa = XCBuildConfiguration;
			buildSettings = {
				ASSETCATALOG_COMPILER_APPICON_NAME = AppIcon;
				INFOPLIST_FILE = Tipper/Info.plist;
				LD_RUNPATH_SEARCH_PATHS = "$(inherited) @executable_path/Frameworks";
				PRODUCT_BUNDLE_IDENTIFIER = "com.Artur-Chojecki.Tipper";
				PRODUCT_NAME = "$(TARGET_NAME)";
			};
			name = Release;
		};
		C4B497B41C2732F90048103F /* Debug */ = {
			isa = XCBuildConfiguration;
			buildSettings = {
				BUNDLE_LOADER = "$(TEST_HOST)";
				INFOPLIST_FILE = TipperTests/Info.plist;
				LD_RUNPATH_SEARCH_PATHS = "$(inherited) @executable_path/Frameworks @loader_path/Frameworks";
				PRODUCT_BUNDLE_IDENTIFIER = "com.Artur-Chojecki.TipperTests";
				PRODUCT_NAME = "$(TARGET_NAME)";
				TEST_HOST = "$(BUILT_PRODUCTS_DIR)/Tipper.app/Tipper";
			};
			name = Debug;
		};
		C4B497B51C2732F90048103F /* Release */ = {
			isa = XCBuildConfiguration;
			buildSettings = {
				BUNDLE_LOADER = "$(TEST_HOST)";
				INFOPLIST_FILE = TipperTests/Info.plist;
				LD_RUNPATH_SEARCH_PATHS = "$(inherited) @executable_path/Frameworks @loader_path/Frameworks";
				PRODUCT_BUNDLE_IDENTIFIER = "com.Artur-Chojecki.TipperTests";
				PRODUCT_NAME = "$(TARGET_NAME)";
				TEST_HOST = "$(BUILT_PRODUCTS_DIR)/Tipper.app/Tipper";
			};
			name = Release;
		};
		C4B497B71C2732F90048103F /* Debug */ = {
			isa = XCBuildConfiguration;
			buildSettings = {
				INFOPLIST_FILE = TipperUITests/Info.plist;
				LD_RUNPATH_SEARCH_PATHS = "$(inherited) @executable_path/Frameworks @loader_path/Frameworks";
				PRODUCT_BUNDLE_IDENTIFIER = "com.Artur-Chojecki.TipperUITests";
				PRODUCT_NAME = "$(TARGET_NAME)";
				TEST_TARGET_NAME = Tipper;
				USES_XCTRUNNER = YES;
			};
			name = Debug;
		};
		C4B497B81C2732F90048103F /* Release */ = {
			isa = XCBuildConfiguration;
			buildSettings = {
				INFOPLIST_FILE = TipperUITests/Info.plist;
				LD_RUNPATH_SEARCH_PATHS = "$(inherited) @executable_path/Frameworks @loader_path/Frameworks";
				PRODUCT_BUNDLE_IDENTIFIER = "com.Artur-Chojecki.TipperUITests";
				PRODUCT_NAME = "$(TARGET_NAME)";
				TEST_TARGET_NAME = Tipper;
				USES_XCTRUNNER = YES;
			};
			name = Release;
		};
/* End XCBuildConfiguration section */

/* Begin XCConfigurationList section */
		C4B497831C2732F90048103F /* Build configuration list for PBXProject "Tipper" */ = {
			isa = XCConfigurationList;
			buildConfigurations = (
				C4B497AE1C2732F90048103F /* Debug */,
				C4B497AF1C2732F90048103F /* Release */,
			);
			defaultConfigurationIsVisible = 0;
			defaultConfigurationName = Release;
		};
		C4B497B01C2732F90048103F /* Build configuration list for PBXNativeTarget "Tipper" */ = {
			isa = XCConfigurationList;
			buildConfigurations = (
				C4B497B11C2732F90048103F /* Debug */,
				C4B497B21C2732F90048103F /* Release */,
			);
			defaultConfigurationIsVisible = 0;
			defaultConfigurationName = Release;
		};
		C4B497B31C2732F90048103F /* Build configuration list for PBXNativeTarget "TipperTests" */ = {
			isa = XCConfigurationList;
			buildConfigurations = (
				C4B497B41C2732F90048103F /* Debug */,
				C4B497B51C2732F90048103F /* Release */,
			);
			defaultConfigurationIsVisible = 0;
			defaultConfigurationName = Release;
		};
		C4B497B61C2732F90048103F /* Build configuration list for PBXNativeTarget "TipperUITests" */ = {
			isa = XCConfigurationList;
			buildConfigurations = (
				C4B497B71C2732F90048103F /* Debug */,
				C4B497B81C2732F90048103F /* Release */,
			);
			defaultConfigurationIsVisible = 0;
			defaultConfigurationName = Release;
		};
/* End XCConfigurationList section */
	};
	rootObject = C4B497801C2732F90048103F /* Project object */;
}
